// !$*UTF8*$!
{
	archiveVersion = 1;
	classes = {
	};
	objectVersion = 50;
	objects = {

/* Begin PBXBuildFile section */
		11AF9E632275CCCD00459172 /* AppDelegate.m in Sources */ = {isa = PBXBuildFile; fileRef = 11AF9E622275CCCD00459172 /* AppDelegate.m */; };
		11AF9E6B2275CCCF00459172 /* Assets.xcassets in Resources */ = {isa = PBXBuildFile; fileRef = 11AF9E6A2275CCCF00459172 /* Assets.xcassets */; };
		11AF9E6E2275CCCF00459172 /* LaunchScreen.storyboard in Resources */ = {isa = PBXBuildFile; fileRef = 11AF9E6C2275CCCF00459172 /* LaunchScreen.storyboard */; };
		11AF9E712275CCCF00459172 /* main.m in Sources */ = {isa = PBXBuildFile; fileRef = 11AF9E702275CCCF00459172 /* main.m */; };
		11AF9E7B2275CCCF00459172 /* AIFactoryPhotoFiltersAppTests.m in Sources */ = {isa = PBXBuildFile; fileRef = 11AF9E7A2275CCCF00459172 /* AIFactoryPhotoFiltersAppTests.m */; };
		11AF9E862275CCCF00459172 /* AIFactoryPhotoFiltersAppUITests.m in Sources */ = {isa = PBXBuildFile; fileRef = 11AF9E852275CCCF00459172 /* AIFactoryPhotoFiltersAppUITests.m */; };
/* End PBXBuildFile section */

/* Begin PBXContainerItemProxy section */
		11AF9E772275CCCF00459172 /* PBXContainerItemProxy */ = {
			isa = PBXContainerItemProxy;
			containerPortal = 11AF9E562275CCCD00459172 /* Project object */;
			proxyType = 1;
			remoteGlobalIDString = 11AF9E5D2275CCCD00459172;
			remoteInfo = AIFactoryPhotoFiltersApp;
		};
		11AF9E822275CCCF00459172 /* PBXContainerItemProxy */ = {
			isa = PBXContainerItemProxy;
			containerPortal = 11AF9E562275CCCD00459172 /* Project object */;
			proxyType = 1;
			remoteGlobalIDString = 11AF9E5D2275CCCD00459172;
			remoteInfo = AIFactoryPhotoFiltersApp;
		};
/* End PBXContainerItemProxy section */

/* Begin PBXFileReference section */
		11AF9E5E2275CCCD00459172 /* AIFactoryPhotoFiltersApp.app */ = {isa = PBXFileReference; explicitFileType = wrapper.application; includeInIndex = 0; path = AIFactoryPhotoFiltersApp.app; sourceTree = BUILT_PRODUCTS_DIR; };
		11AF9E612275CCCD00459172 /* AppDelegate.h */ = {isa = PBXFileReference; lastKnownFileType = sourcecode.c.h; path = AppDelegate.h; sourceTree = "<group>"; };
		11AF9E622275CCCD00459172 /* AppDelegate.m */ = {isa = PBXFileReference; lastKnownFileType = sourcecode.c.objc; path = AppDelegate.m; sourceTree = "<group>"; };
		11AF9E6A2275CCCF00459172 /* Assets.xcassets */ = {isa = PBXFileReference; lastKnownFileType = folder.assetcatalog; path = Assets.xcassets; sourceTree = "<group>"; };
		11AF9E6D2275CCCF00459172 /* Base */ = {isa = PBXFileReference; lastKnownFileType = file.storyboard; name = Base; path = Base.lproj/LaunchScreen.storyboard; sourceTree = "<group>"; };
		11AF9E6F2275CCCF00459172 /* Info.plist */ = {isa = PBXFileReference; lastKnownFileType = text.plist.xml; path = Info.plist; sourceTree = "<group>"; };
		11AF9E702275CCCF00459172 /* main.m */ = {isa = PBXFileReference; lastKnownFileType = sourcecode.c.objc; path = main.m; sourceTree = "<group>"; };
		11AF9E762275CCCF00459172 /* AIFactoryPhotoFiltersAppTests.xctest */ = {isa = PBXFileReference; explicitFileType = wrapper.cfbundle; includeInIndex = 0; path = AIFactoryPhotoFiltersAppTests.xctest; sourceTree = BUILT_PRODUCTS_DIR; };
		11AF9E7A2275CCCF00459172 /* AIFactoryPhotoFiltersAppTests.m */ = {isa = PBXFileReference; lastKnownFileType = sourcecode.c.objc; path = AIFactoryPhotoFiltersAppTests.m; sourceTree = "<group>"; };
		11AF9E7C2275CCCF00459172 /* Info.plist */ = {isa = PBXFileReference; lastKnownFileType = text.plist.xml; path = Info.plist; sourceTree = "<group>"; };
		11AF9E812275CCCF00459172 /* AIFactoryPhotoFiltersAppUITests.xctest */ = {isa = PBXFileReference; explicitFileType = wrapper.cfbundle; includeInIndex = 0; path = AIFactoryPhotoFiltersAppUITests.xctest; sourceTree = BUILT_PRODUCTS_DIR; };
		11AF9E852275CCCF00459172 /* AIFactoryPhotoFiltersAppUITests.m */ = {isa = PBXFileReference; lastKnownFileType = sourcecode.c.objc; path = AIFactoryPhotoFiltersAppUITests.m; sourceTree = "<group>"; };
		11AF9E872275CCCF00459172 /* Info.plist */ = {isa = PBXFileReference; lastKnownFileType = text.plist.xml; path = Info.plist; sourceTree = "<group>"; };
/* End PBXFileReference section */

/* Begin PBXFrameworksBuildPhase section */
		11AF9E5B2275CCCD00459172 /* Frameworks */ = {
			isa = PBXFrameworksBuildPhase;
			buildActionMask = 2147483647;
			files = (
			);
			runOnlyForDeploymentPostprocessing = 0;
		};
		11AF9E732275CCCF00459172 /* Frameworks */ = {
			isa = PBXFrameworksBuildPhase;
			buildActionMask = 2147483647;
			files = (
			);
			runOnlyForDeploymentPostprocessing = 0;
		};
		11AF9E7E2275CCCF00459172 /* Frameworks */ = {
			isa = PBXFrameworksBuildPhase;
			buildActionMask = 2147483647;
			files = (
			);
			runOnlyForDeploymentPostprocessing = 0;
		};
/* End PBXFrameworksBuildPhase section */

/* Begin PBXGroup section */
		11AF9E552275CCCD00459172 = {
			isa = PBXGroup;
			children = (
				11AF9E602275CCCD00459172 /* AIFactoryPhotoFiltersApp */,
				11AF9E792275CCCF00459172 /* AIFactoryPhotoFiltersAppTests */,
				11AF9E842275CCCF00459172 /* AIFactoryPhotoFiltersAppUITests */,
				11AF9E5F2275CCCD00459172 /* Products */,
			);
			sourceTree = "<group>";
		};
		11AF9E5F2275CCCD00459172 /* Products */ = {
			isa = PBXGroup;
			children = (
				11AF9E5E2275CCCD00459172 /* AIFactoryPhotoFiltersApp.app */,
				11AF9E762275CCCF00459172 /* AIFactoryPhotoFiltersAppTests.xctest */,
				11AF9E812275CCCF00459172 /* AIFactoryPhotoFiltersAppUITests.xctest */,
			);
			name = Products;
			sourceTree = "<group>";
		};
		11AF9E602275CCCD00459172 /* AIFactoryPhotoFiltersApp */ = {
			isa = PBXGroup;
			children = (
				11AF9E942275D0A300459172 /* Modules */,
				11AF9E9A2275D20B00459172 /* Utils */,
				11AF9E932275D08400459172 /* SupportingFiles */,
				11AF9E952275D0B200459172 /* Resources */,
			);
			path = AIFactoryPhotoFiltersApp;
			sourceTree = "<group>";
		};
		11AF9E792275CCCF00459172 /* AIFactoryPhotoFiltersAppTests */ = {
			isa = PBXGroup;
			children = (
				11AF9E7A2275CCCF00459172 /* AIFactoryPhotoFiltersAppTests.m */,
				11AF9E7C2275CCCF00459172 /* Info.plist */,
			);
			path = AIFactoryPhotoFiltersAppTests;
			sourceTree = "<group>";
		};
		11AF9E842275CCCF00459172 /* AIFactoryPhotoFiltersAppUITests */ = {
			isa = PBXGroup;
			children = (
				11AF9E852275CCCF00459172 /* AIFactoryPhotoFiltersAppUITests.m */,
				11AF9E872275CCCF00459172 /* Info.plist */,
			);
			path = AIFactoryPhotoFiltersAppUITests;
			sourceTree = "<group>";
		};
		11AF9E932275D08400459172 /* SupportingFiles */ = {
			isa = PBXGroup;
			children = (
				11AF9E6F2275CCCF00459172 /* Info.plist */,
				11AF9E702275CCCF00459172 /* main.m */,
				11AF9E612275CCCD00459172 /* AppDelegate.h */,
				11AF9E622275CCCD00459172 /* AppDelegate.m */,
			);
			path = SupportingFiles;
			sourceTree = "<group>";
		};
		11AF9E942275D0A300459172 /* Modules */ = {
			isa = PBXGroup;
			children = (
				11AF9E9D2275D2CD00459172 /* Coordinator */,
				11AF9E992275D14700459172 /* LaunchScreen */,
				11AF9E972275D10000459172 /* PhotoCapture */,
				11AF9E982275D10E00459172 /* PhotoEditor */,
				11AF9E962275D0EF00459172 /* PhotoFilterService */,
			);
			path = Modules;
			sourceTree = "<group>";
		};
		11AF9E952275D0B200459172 /* Resources */ = {
			isa = PBXGroup;
			children = (
				11AF9E6A2275CCCF00459172 /* Assets.xcassets */,
			);
			path = Resources;
			sourceTree = "<group>";
		};
		11AF9E962275D0EF00459172 /* PhotoFilterService */ = {
			isa = PBXGroup;
			children = (
			);
			path = PhotoFilterService;
			sourceTree = "<group>";
		};
		11AF9E972275D10000459172 /* PhotoCapture */ = {
			isa = PBXGroup;
			children = (
				11AF9E9C2275D23700459172 /* ViewModel */,
				11AF9E9B2275D23000459172 /* ViewController */,
			);
			path = PhotoCapture;
			sourceTree = "<group>";
		};
		11AF9E982275D10E00459172 /* PhotoEditor */ = {
			isa = PBXGroup;
			children = (
			);
			path = PhotoEditor;
			sourceTree = "<group>";
		};
		11AF9E992275D14700459172 /* LaunchScreen */ = {
			isa = PBXGroup;
			children = (
				11AF9E6C2275CCCF00459172 /* LaunchScreen.storyboard */,
			);
			path = LaunchScreen;
			sourceTree = "<group>";
		};
		11AF9E9A2275D20B00459172 /* Utils */ = {
			isa = PBXGroup;
			children = (
			);
			path = Utils;
			sourceTree = "<group>";
		};
		11AF9E9B2275D23000459172 /* ViewController */ = {
			isa = PBXGroup;
			children = (
			);
			path = ViewController;
			sourceTree = "<group>";
		};
		11AF9E9C2275D23700459172 /* ViewModel */ = {
			isa = PBXGroup;
			children = (
			);
			path = ViewModel;
			sourceTree = "<group>";
		};
		11AF9E9D2275D2CD00459172 /* Coordinator */ = {
			isa = PBXGroup;
			children = (
			);
			path = Coordinator;
			sourceTree = "<group>";
		};
/* End PBXGroup section */

/* Begin PBXNativeTarget section */
		11AF9E5D2275CCCD00459172 /* AIFactoryPhotoFiltersApp */ = {
			isa = PBXNativeTarget;
			buildConfigurationList = 11AF9E8A2275CCCF00459172 /* Build configuration list for PBXNativeTarget "AIFactoryPhotoFiltersApp" */;
			buildPhases = (
				11AF9E5A2275CCCD00459172 /* Sources */,
				11AF9E5B2275CCCD00459172 /* Frameworks */,
				11AF9E5C2275CCCD00459172 /* Resources */,
			);
			buildRules = (
			);
			dependencies = (
			);
			name = AIFactoryPhotoFiltersApp;
			productName = AIFactoryPhotoFiltersApp;
			productReference = 11AF9E5E2275CCCD00459172 /* AIFactoryPhotoFiltersApp.app */;
			productType = "com.apple.product-type.application";
		};
		11AF9E752275CCCF00459172 /* AIFactoryPhotoFiltersAppTests */ = {
			isa = PBXNativeTarget;
			buildConfigurationList = 11AF9E8D2275CCCF00459172 /* Build configuration list for PBXNativeTarget "AIFactoryPhotoFiltersAppTests" */;
			buildPhases = (
				11AF9E722275CCCF00459172 /* Sources */,
				11AF9E732275CCCF00459172 /* Frameworks */,
				11AF9E742275CCCF00459172 /* Resources */,
			);
			buildRules = (
			);
			dependencies = (
				11AF9E782275CCCF00459172 /* PBXTargetDependency */,
			);
			name = AIFactoryPhotoFiltersAppTests;
			productName = AIFactoryPhotoFiltersAppTests;
			productReference = 11AF9E762275CCCF00459172 /* AIFactoryPhotoFiltersAppTests.xctest */;
			productType = "com.apple.product-type.bundle.unit-test";
		};
		11AF9E802275CCCF00459172 /* AIFactoryPhotoFiltersAppUITests */ = {
			isa = PBXNativeTarget;
			buildConfigurationList = 11AF9E902275CCCF00459172 /* Build configuration list for PBXNativeTarget "AIFactoryPhotoFiltersAppUITests" */;
			buildPhases = (
				11AF9E7D2275CCCF00459172 /* Sources */,
				11AF9E7E2275CCCF00459172 /* Frameworks */,
				11AF9E7F2275CCCF00459172 /* Resources */,
			);
			buildRules = (
			);
			dependencies = (
				11AF9E832275CCCF00459172 /* PBXTargetDependency */,
			);
			name = AIFactoryPhotoFiltersAppUITests;
			productName = AIFactoryPhotoFiltersAppUITests;
			productReference = 11AF9E812275CCCF00459172 /* AIFactoryPhotoFiltersAppUITests.xctest */;
			productType = "com.apple.product-type.bundle.ui-testing";
		};
/* End PBXNativeTarget section */

/* Begin PBXProject section */
		11AF9E562275CCCD00459172 /* Project object */ = {
			isa = PBXProject;
			attributes = {
				LastUpgradeCheck = 1020;
				ORGANIZATIONNAME = "Nikita Belosludtcev";
				TargetAttributes = {
					11AF9E5D2275CCCD00459172 = {
						CreatedOnToolsVersion = 10.2.1;
					};
					11AF9E752275CCCF00459172 = {
						CreatedOnToolsVersion = 10.2.1;
						TestTargetID = 11AF9E5D2275CCCD00459172;
					};
					11AF9E802275CCCF00459172 = {
						CreatedOnToolsVersion = 10.2.1;
						TestTargetID = 11AF9E5D2275CCCD00459172;
					};
				};
			};
			buildConfigurationList = 11AF9E592275CCCD00459172 /* Build configuration list for PBXProject "AIFactoryPhotoFiltersApp" */;
			compatibilityVersion = "Xcode 9.3";
			developmentRegion = en;
			hasScannedForEncodings = 0;
			knownRegions = (
				en,
				Base,
			);
			mainGroup = 11AF9E552275CCCD00459172;
			productRefGroup = 11AF9E5F2275CCCD00459172 /* Products */;
			projectDirPath = "";
			projectRoot = "";
			targets = (
				11AF9E5D2275CCCD00459172 /* AIFactoryPhotoFiltersApp */,
				11AF9E752275CCCF00459172 /* AIFactoryPhotoFiltersAppTests */,
				11AF9E802275CCCF00459172 /* AIFactoryPhotoFiltersAppUITests */,
			);
		};
/* End PBXProject section */

/* Begin PBXResourcesBuildPhase section */
		11AF9E5C2275CCCD00459172 /* Resources */ = {
			isa = PBXResourcesBuildPhase;
			buildActionMask = 2147483647;
			files = (
				11AF9E6E2275CCCF00459172 /* LaunchScreen.storyboard in Resources */,
				11AF9E6B2275CCCF00459172 /* Assets.xcassets in Resources */,
			);
			runOnlyForDeploymentPostprocessing = 0;
		};
		11AF9E742275CCCF00459172 /* Resources */ = {
			isa = PBXResourcesBuildPhase;
			buildActionMask = 2147483647;
			files = (
			);
			runOnlyForDeploymentPostprocessing = 0;
		};
		11AF9E7F2275CCCF00459172 /* Resources */ = {
			isa = PBXResourcesBuildPhase;
			buildActionMask = 2147483647;
			files = (
			);
			runOnlyForDeploymentPostprocessing = 0;
		};
/* End PBXResourcesBuildPhase section */

/* Begin PBXSourcesBuildPhase section */
		11AF9E5A2275CCCD00459172 /* Sources */ = {
			isa = PBXSourcesBuildPhase;
			buildActionMask = 2147483647;
			files = (
				11AF9E712275CCCF00459172 /* main.m in Sources */,
				11AF9E632275CCCD00459172 /* AppDelegate.m in Sources */,
			);
			runOnlyForDeploymentPostprocessing = 0;
		};
		11AF9E722275CCCF00459172 /* Sources */ = {
			isa = PBXSourcesBuildPhase;
			buildActionMask = 2147483647;
			files = (
				11AF9E7B2275CCCF00459172 /* AIFactoryPhotoFiltersAppTests.m in Sources */,
			);
			runOnlyForDeploymentPostprocessing = 0;
		};
		11AF9E7D2275CCCF00459172 /* Sources */ = {
			isa = PBXSourcesBuildPhase;
			buildActionMask = 2147483647;
			files = (
				11AF9E862275CCCF00459172 /* AIFactoryPhotoFiltersAppUITests.m in Sources */,
			);
			runOnlyForDeploymentPostprocessing = 0;
		};
/* End PBXSourcesBuildPhase section */

/* Begin PBXTargetDependency section */
		11AF9E782275CCCF00459172 /* PBXTargetDependency */ = {
			isa = PBXTargetDependency;
			target = 11AF9E5D2275CCCD00459172 /* AIFactoryPhotoFiltersApp */;
			targetProxy = 11AF9E772275CCCF00459172 /* PBXContainerItemProxy */;
		};
		11AF9E832275CCCF00459172 /* PBXTargetDependency */ = {
			isa = PBXTargetDependency;
			target = 11AF9E5D2275CCCD00459172 /* AIFactoryPhotoFiltersApp */;
			targetProxy = 11AF9E822275CCCF00459172 /* PBXContainerItemProxy */;
		};
/* End PBXTargetDependency section */

/* Begin PBXVariantGroup section */
		11AF9E6C2275CCCF00459172 /* LaunchScreen.storyboard */ = {
			isa = PBXVariantGroup;
			children = (
				11AF9E6D2275CCCF00459172 /* Base */,
			);
			name = LaunchScreen.storyboard;
			sourceTree = "<group>";
		};
/* End PBXVariantGroup section */

/* Begin XCBuildConfiguration section */
		11AF9E882275CCCF00459172 /* Debug */ = {
			isa = XCBuildConfiguration;
			buildSettings = {
				ALWAYS_SEARCH_USER_PATHS = NO;
				CLANG_ANALYZER_NONNULL = YES;
				CLANG_ANALYZER_NUMBER_OBJECT_CONVERSION = YES_AGGRESSIVE;
				CLANG_CXX_LANGUAGE_STANDARD = "gnu++14";
				CLANG_CXX_LIBRARY = "libc++";
				CLANG_ENABLE_MODULES = YES;
				CLANG_ENABLE_OBJC_ARC = YES;
				CLANG_ENABLE_OBJC_WEAK = YES;
				CLANG_WARN_BLOCK_CAPTURE_AUTORELEASING = YES;
				CLANG_WARN_BOOL_CONVERSION = YES;
				CLANG_WARN_COMMA = YES;
				CLANG_WARN_CONSTANT_CONVERSION = YES;
				CLANG_WARN_DEPRECATED_OBJC_IMPLEMENTATIONS = YES;
				CLANG_WARN_DIRECT_OBJC_ISA_USAGE = YES_ERROR;
				CLANG_WARN_DOCUMENTATION_COMMENTS = YES;
				CLANG_WARN_EMPTY_BODY = YES;
				CLANG_WARN_ENUM_CONVERSION = YES;
				CLANG_WARN_INFINITE_RECURSION = YES;
				CLANG_WARN_INT_CONVERSION = YES;
				CLANG_WARN_NON_LITERAL_NULL_CONVERSION = YES;
				CLANG_WARN_OBJC_IMPLICIT_RETAIN_SELF = YES;
				CLANG_WARN_OBJC_LITERAL_CONVERSION = YES;
				CLANG_WARN_OBJC_ROOT_CLASS = YES_ERROR;
				CLANG_WARN_RANGE_LOOP_ANALYSIS = YES;
				CLANG_WARN_STRICT_PROTOTYPES = YES;
				CLANG_WARN_SUSPICIOUS_MOVE = YES;
				CLANG_WARN_UNGUARDED_AVAILABILITY = YES_AGGRESSIVE;
				CLANG_WARN_UNREACHABLE_CODE = YES;
				CLANG_WARN__DUPLICATE_METHOD_MATCH = YES;
				CODE_SIGN_IDENTITY = "iPhone Developer";
				COPY_PHASE_STRIP = NO;
				DEBUG_INFORMATION_FORMAT = dwarf;
				ENABLE_STRICT_OBJC_MSGSEND = YES;
				ENABLE_TESTABILITY = YES;
				GCC_C_LANGUAGE_STANDARD = gnu11;
				GCC_DYNAMIC_NO_PIC = NO;
				GCC_NO_COMMON_BLOCKS = YES;
				GCC_OPTIMIZATION_LEVEL = 0;
				GCC_PREPROCESSOR_DEFINITIONS = (
					"DEBUG=1",
					"$(inherited)",
				);
				GCC_WARN_64_TO_32_BIT_CONVERSION = YES;
				GCC_WARN_ABOUT_RETURN_TYPE = YES_ERROR;
				GCC_WARN_UNDECLARED_SELECTOR = YES;
				GCC_WARN_UNINITIALIZED_AUTOS = YES_AGGRESSIVE;
				GCC_WARN_UNUSED_FUNCTION = YES;
				GCC_WARN_UNUSED_VARIABLE = YES;
				IPHONEOS_DEPLOYMENT_TARGET = 12.2;
				MTL_ENABLE_DEBUG_INFO = INCLUDE_SOURCE;
				MTL_FAST_MATH = YES;
				ONLY_ACTIVE_ARCH = YES;
				SDKROOT = iphoneos;
			};
			name = Debug;
		};
		11AF9E892275CCCF00459172 /* Release */ = {
			isa = XCBuildConfiguration;
			buildSettings = {
				ALWAYS_SEARCH_USER_PATHS = NO;
				CLANG_ANALYZER_NONNULL = YES;
				CLANG_ANALYZER_NUMBER_OBJECT_CONVERSION = YES_AGGRESSIVE;
				CLANG_CXX_LANGUAGE_STANDARD = "gnu++14";
				CLANG_CXX_LIBRARY = "libc++";
				CLANG_ENABLE_MODULES = YES;
				CLANG_ENABLE_OBJC_ARC = YES;
				CLANG_ENABLE_OBJC_WEAK = YES;
				CLANG_WARN_BLOCK_CAPTURE_AUTORELEASING = YES;
				CLANG_WARN_BOOL_CONVERSION = YES;
				CLANG_WARN_COMMA = YES;
				CLANG_WARN_CONSTANT_CONVERSION = YES;
				CLANG_WARN_DEPRECATED_OBJC_IMPLEMENTATIONS = YES;
				CLANG_WARN_DIRECT_OBJC_ISA_USAGE = YES_ERROR;
				CLANG_WARN_DOCUMENTATION_COMMENTS = YES;
				CLANG_WARN_EMPTY_BODY = YES;
				CLANG_WARN_ENUM_CONVERSION = YES;
				CLANG_WARN_INFINITE_RECURSION = YES;
				CLANG_WARN_INT_CONVERSION = YES;
				CLANG_WARN_NON_LITERAL_NULL_CONVERSION = YES;
				CLANG_WARN_OBJC_IMPLICIT_RETAIN_SELF = YES;
				CLANG_WARN_OBJC_LITERAL_CONVERSION = YES;
				CLANG_WARN_OBJC_ROOT_CLASS = YES_ERROR;
				CLANG_WARN_RANGE_LOOP_ANALYSIS = YES;
				CLANG_WARN_STRICT_PROTOTYPES = YES;
				CLANG_WARN_SUSPICIOUS_MOVE = YES;
				CLANG_WARN_UNGUARDED_AVAILABILITY = YES_AGGRESSIVE;
				CLANG_WARN_UNREACHABLE_CODE = YES;
				CLANG_WARN__DUPLICATE_METHOD_MATCH = YES;
				CODE_SIGN_IDENTITY = "iPhone Developer";
				COPY_PHASE_STRIP = NO;
				DEBUG_INFORMATION_FORMAT = "dwarf-with-dsym";
				ENABLE_NS_ASSERTIONS = NO;
				ENABLE_STRICT_OBJC_MSGSEND = YES;
				GCC_C_LANGUAGE_STANDARD = gnu11;
				GCC_NO_COMMON_BLOCKS = YES;
				GCC_WARN_64_TO_32_BIT_CONVERSION = YES;
				GCC_WARN_ABOUT_RETURN_TYPE = YES_ERROR;
				GCC_WARN_UNDECLARED_SELECTOR = YES;
				GCC_WARN_UNINITIALIZED_AUTOS = YES_AGGRESSIVE;
				GCC_WARN_UNUSED_FUNCTION = YES;
				GCC_WARN_UNUSED_VARIABLE = YES;
				IPHONEOS_DEPLOYMENT_TARGET = 12.2;
				MTL_ENABLE_DEBUG_INFO = NO;
				MTL_FAST_MATH = YES;
				SDKROOT = iphoneos;
				VALIDATE_PRODUCT = YES;
			};
			name = Release;
		};
		11AF9E8B2275CCCF00459172 /* Debug */ = {
			isa = XCBuildConfiguration;
			buildSettings = {
				ASSETCATALOG_COMPILER_APPICON_NAME = AppIcon;
				CODE_SIGN_STYLE = Automatic;
				DEVELOPMENT_TEAM = 668FMHVN58;
				INFOPLIST_FILE = "$(SRCROOT)/AIFactoryPhotoFiltersApp/SupportingFiles/Info.plist";
				LD_RUNPATH_SEARCH_PATHS = (
					"$(inherited)",
					"@executable_path/Frameworks",
				);
				PRODUCT_BUNDLE_IDENTIFIER = NIkitaBelosludtcev.AIFactoryPhotoFiltersApp;
				PRODUCT_NAME = "$(TARGET_NAME)";
				TARGETED_DEVICE_FAMILY = "1,2";
			};
			name = Debug;
		};
		11AF9E8C2275CCCF00459172 /* Release */ = {
			isa = XCBuildConfiguration;
			buildSettings = {
				ASSETCATALOG_COMPILER_APPICON_NAME = AppIcon;
				CODE_SIGN_STYLE = Automatic;
				DEVELOPMENT_TEAM = 668FMHVN58;
				INFOPLIST_FILE = "$(SRCROOT)/AIFactoryPhotoFiltersApp/SupportingFiles/Info.plist";
				LD_RUNPATH_SEARCH_PATHS = (
					"$(inherited)",
					"@executable_path/Frameworks",
				);
				PRODUCT_BUNDLE_IDENTIFIER = NIkitaBelosludtcev.AIFactoryPhotoFiltersApp;
				PRODUCT_NAME = "$(TARGET_NAME)";
				TARGETED_DEVICE_FAMILY = "1,2";
			};
			name = Release;
		};
		11AF9E8E2275CCCF00459172 /* Debug */ = {
			isa = XCBuildConfiguration;
			buildSettings = {
				BUNDLE_LOADER = "$(TEST_HOST)";
				CODE_SIGN_STYLE = Automatic;
				DEVELOPMENT_TEAM = 668FMHVN58;
				INFOPLIST_FILE = AIFactoryPhotoFiltersAppTests/Info.plist;
				LD_RUNPATH_SEARCH_PATHS = (
					"$(inherited)",
					"@executable_path/Frameworks",
					"@loader_path/Frameworks",
				);
				PRODUCT_BUNDLE_IDENTIFIER = NIkitaBelosludtcev.AIFactoryPhotoFiltersAppTests;
				PRODUCT_NAME = "$(TARGET_NAME)";
				TARGETED_DEVICE_FAMILY = "1,2";
				TEST_HOST = "$(BUILT_PRODUCTS_DIR)/AIFactoryPhotoFiltersApp.app/AIFactoryPhotoFiltersApp";
			};
			name = Debug;
		};
		11AF9E8F2275CCCF00459172 /* Release */ = {
			isa = XCBuildConfiguration;
			buildSettings = {
				BUNDLE_LOADER = "$(TEST_HOST)";
				CODE_SIGN_STYLE = Automatic;
				DEVELOPMENT_TEAM = 668FMHVN58;
				INFOPLIST_FILE = AIFactoryPhotoFiltersAppTests/Info.plist;
				LD_RUNPATH_SEARCH_PATHS = (
					"$(inherited)",
					"@executable_path/Frameworks",
					"@loader_path/Frameworks",
				);
				PRODUCT_BUNDLE_IDENTIFIER = NIkitaBelosludtcev.AIFactoryPhotoFiltersAppTests;
				PRODUCT_NAME = "$(TARGET_NAME)";
				TARGETED_DEVICE_FAMILY = "1,2";
				TEST_HOST = "$(BUILT_PRODUCTS_DIR)/AIFactoryPhotoFiltersApp.app/AIFactoryPhotoFiltersApp";
			};
			name = Release;
		};
		11AF9E912275CCCF00459172 /* Debug */ = {
			isa = XCBuildConfiguration;
			buildSettings = {
				CODE_SIGN_STYLE = Automatic;
				DEVELOPMENT_TEAM = 668FMHVN58;
				INFOPLIST_FILE = AIFactoryPhotoFiltersAppUITests/Info.plist;
				LD_RUNPATH_SEARCH_PATHS = (
					"$(inherited)",
					"@executable_path/Frameworks",
					"@loader_path/Frameworks",
				);
				PRODUCT_BUNDLE_IDENTIFIER = NIkitaBelosludtcev.AIFactoryPhotoFiltersAppUITests;
				PRODUCT_NAME = "$(TARGET_NAME)";
				TARGETED_DEVICE_FAMILY = "1,2";
				TEST_TARGET_NAME = AIFactoryPhotoFiltersApp;
			};
			name = Debug;
		};
		11AF9E922275CCCF00459172 /* Release */ = {
			isa = XCBuildConfiguration;
			buildSettings = {
				CODE_SIGN_STYLE = Automatic;
				DEVELOPMENT_TEAM = 668FMHVN58;
				INFOPLIST_FILE = AIFactoryPhotoFiltersAppUITests/Info.plist;
				LD_RUNPATH_SEARCH_PATHS = (
					"$(inherited)",
					"@executable_path/Frameworks",
					"@loader_path/Frameworks",
				);
				PRODUCT_BUNDLE_IDENTIFIER = NIkitaBelosludtcev.AIFactoryPhotoFiltersAppUITests;
				PRODUCT_NAME = "$(TARGET_NAME)";
				TARGETED_DEVICE_FAMILY = "1,2";
				TEST_TARGET_NAME = AIFactoryPhotoFiltersApp;
			};
			name = Release;
		};
/* End XCBuildConfiguration section */

/* Begin XCConfigurationList section */
		11AF9E592275CCCD00459172 /* Build configuration list for PBXProject "AIFactoryPhotoFiltersApp" */ = {
			isa = XCConfigurationList;
			buildConfigurations = (
				11AF9E882275CCCF00459172 /* Debug */,
				11AF9E892275CCCF00459172 /* Release */,
			);
			defaultConfigurationIsVisible = 0;
			defaultConfigurationName = Release;
		};
		11AF9E8A2275CCCF00459172 /* Build configuration list for PBXNativeTarget "AIFactoryPhotoFiltersApp" */ = {
			isa = XCConfigurationList;
			buildConfigurations = (
				11AF9E8B2275CCCF00459172 /* Debug */,
				11AF9E8C2275CCCF00459172 /* Release */,
			);
			defaultConfigurationIsVisible = 0;
			defaultConfigurationName = Release;
		};
		11AF9E8D2275CCCF00459172 /* Build configuration list for PBXNativeTarget "AIFactoryPhotoFiltersAppTests" */ = {
			isa = XCConfigurationList;
			buildConfigurations = (
				11AF9E8E2275CCCF00459172 /* Debug */,
				11AF9E8F2275CCCF00459172 /* Release */,
			);
			defaultConfigurationIsVisible = 0;
			defaultConfigurationName = Release;
		};
		11AF9E902275CCCF00459172 /* Build configuration list for PBXNativeTarget "AIFactoryPhotoFiltersAppUITests" */ = {
			isa = XCConfigurationList;
			buildConfigurations = (
				11AF9E912275CCCF00459172 /* Debug */,
				11AF9E922275CCCF00459172 /* Release */,
			);
			defaultConfigurationIsVisible = 0;
			defaultConfigurationName = Release;
		};
/* End XCConfigurationList section */
	};
	rootObject = 11AF9E562275CCCD00459172 /* Project object */;
}
